// !$*UTF8*$!
{
	archiveVersion = 1;
	classes = {
	};
	objectVersion = 50;
	objects = {

/* Begin PBXBuildFile section */
		591123A3237EAD23009ABF29 /* Home.storyboard in Resources */ = {isa = PBXBuildFile; fileRef = 591123A2237EAD23009ABF29 /* Home.storyboard */; };
		597779AA237D3EC40024C0F9 /* LoginProtocols.swift in Sources */ = {isa = PBXBuildFile; fileRef = 597779A9237D3EC40024C0F9 /* LoginProtocols.swift */; };
		597779B0237D65D90024C0F9 /* LoginRouter.swift in Sources */ = {isa = PBXBuildFile; fileRef = 597779AF237D65D90024C0F9 /* LoginRouter.swift */; };
		597779B2237D688F0024C0F9 /* LoginInteractor.swift in Sources */ = {isa = PBXBuildFile; fileRef = 597779B1237D688F0024C0F9 /* LoginInteractor.swift */; };
		597779B4237D68BE0024C0F9 /* LoginPresenter.swift in Sources */ = {isa = PBXBuildFile; fileRef = 597779B3237D68BE0024C0F9 /* LoginPresenter.swift */; };
		597779B6237EABC00024C0F9 /* Login.storyboard in Resources */ = {isa = PBXBuildFile; fileRef = 597779B5237EABC00024C0F9 /* Login.storyboard */; };
		59D03963237EDB9A00CF4D3C /* HomeProtocols.swift in Sources */ = {isa = PBXBuildFile; fileRef = 59D03962237EDB9A00CF4D3C /* HomeProtocols.swift */; };
		59D03965237EDBC700CF4D3C /* HomeRouter.swift in Sources */ = {isa = PBXBuildFile; fileRef = 59D03964237EDBC700CF4D3C /* HomeRouter.swift */; };
		59D03967237EDBDF00CF4D3C /* HomePresenter.swift in Sources */ = {isa = PBXBuildFile; fileRef = 59D03966237EDBDF00CF4D3C /* HomePresenter.swift */; };
		59D03969237EDBF800CF4D3C /* HomeInteractor.swift in Sources */ = {isa = PBXBuildFile; fileRef = 59D03968237EDBF800CF4D3C /* HomeInteractor.swift */; };
		84EE914E23703CD4000C708C /* AppDelegate.swift in Sources */ = {isa = PBXBuildFile; fileRef = 84EE914D23703CD4000C708C /* AppDelegate.swift */; };
		84EE915023703CD4000C708C /* LoginViewController.swift in Sources */ = {isa = PBXBuildFile; fileRef = 84EE914F23703CD4000C708C /* LoginViewController.swift */; };
		84EE915623703CD4000C708C /* Task1.xcdatamodeld in Sources */ = {isa = PBXBuildFile; fileRef = 84EE915423703CD4000C708C /* Task1.xcdatamodeld */; };
		84EE915823703CD7000C708C /* Assets.xcassets in Resources */ = {isa = PBXBuildFile; fileRef = 84EE915723703CD7000C708C /* Assets.xcassets */; };
		84EE915B23703CD7000C708C /* LaunchScreen.storyboard in Resources */ = {isa = PBXBuildFile; fileRef = 84EE915923703CD7000C708C /* LaunchScreen.storyboard */; };
		84EE916723704659000C708C /* ImageCollectionViewCell.swift in Sources */ = {isa = PBXBuildFile; fileRef = 84EE916623704659000C708C /* ImageCollectionViewCell.swift */; };
		84EE916A23704AEF000C708C /* Image+CoreDataClass.swift in Sources */ = {isa = PBXBuildFile; fileRef = 84EE916823704AEF000C708C /* Image+CoreDataClass.swift */; };
		84EE916B23704AEF000C708C /* Image+CoreDataProperties.swift in Sources */ = {isa = PBXBuildFile; fileRef = 84EE916923704AEF000C708C /* Image+CoreDataProperties.swift */; };
		84EE916E237148DA000C708C /* PersistenceService.swift in Sources */ = {isa = PBXBuildFile; fileRef = 84EE916D237148CD000C708C /* PersistenceService.swift */; };
		84EE917323714CD7000C708C /* HomeViewController.swift in Sources */ = {isa = PBXBuildFile; fileRef = 84EE917223714CB5000C708C /* HomeViewController.swift */; };
/* End PBXBuildFile section */

/* Begin PBXFileReference section */
		591123A2237EAD23009ABF29 /* Home.storyboard */ = {isa = PBXFileReference; lastKnownFileType = file.storyboard; path = Home.storyboard; sourceTree = "<group>"; };
		597779A9237D3EC40024C0F9 /* LoginProtocols.swift */ = {isa = PBXFileReference; lastKnownFileType = sourcecode.swift; path = LoginProtocols.swift; sourceTree = "<group>"; };
		597779AF237D65D90024C0F9 /* LoginRouter.swift */ = {isa = PBXFileReference; lastKnownFileType = sourcecode.swift; path = LoginRouter.swift; sourceTree = "<group>"; };
		597779B1237D688F0024C0F9 /* LoginInteractor.swift */ = {isa = PBXFileReference; lastKnownFileType = sourcecode.swift; path = LoginInteractor.swift; sourceTree = "<group>"; };
		597779B3237D68BE0024C0F9 /* LoginPresenter.swift */ = {isa = PBXFileReference; lastKnownFileType = sourcecode.swift; path = LoginPresenter.swift; sourceTree = "<group>"; };
		597779B5237EABC00024C0F9 /* Login.storyboard */ = {isa = PBXFileReference; lastKnownFileType = file.storyboard; path = Login.storyboard; sourceTree = "<group>"; };
		59D03962237EDB9A00CF4D3C /* HomeProtocols.swift */ = {isa = PBXFileReference; lastKnownFileType = sourcecode.swift; path = HomeProtocols.swift; sourceTree = "<group>"; };
		59D03964237EDBC700CF4D3C /* HomeRouter.swift */ = {isa = PBXFileReference; lastKnownFileType = sourcecode.swift; path = HomeRouter.swift; sourceTree = "<group>"; };
		59D03966237EDBDF00CF4D3C /* HomePresenter.swift */ = {isa = PBXFileReference; lastKnownFileType = sourcecode.swift; path = HomePresenter.swift; sourceTree = "<group>"; };
		59D03968237EDBF800CF4D3C /* HomeInteractor.swift */ = {isa = PBXFileReference; lastKnownFileType = sourcecode.swift; path = HomeInteractor.swift; sourceTree = "<group>"; };
		84EE914A23703CD4000C708C /* Task1.app */ = {isa = PBXFileReference; explicitFileType = wrapper.application; includeInIndex = 0; path = Task1.app; sourceTree = BUILT_PRODUCTS_DIR; };
		84EE914D23703CD4000C708C /* AppDelegate.swift */ = {isa = PBXFileReference; lastKnownFileType = sourcecode.swift; path = AppDelegate.swift; sourceTree = "<group>"; };
		84EE914F23703CD4000C708C /* LoginViewController.swift */ = {isa = PBXFileReference; lastKnownFileType = sourcecode.swift; path = LoginViewController.swift; sourceTree = "<group>"; };
		84EE915523703CD4000C708C /* Task1.xcdatamodel */ = {isa = PBXFileReference; lastKnownFileType = wrapper.xcdatamodel; path = Task1.xcdatamodel; sourceTree = "<group>"; };
		84EE915723703CD7000C708C /* Assets.xcassets */ = {isa = PBXFileReference; lastKnownFileType = folder.assetcatalog; path = Assets.xcassets; sourceTree = "<group>"; };
		84EE915A23703CD7000C708C /* Base */ = {isa = PBXFileReference; lastKnownFileType = file.storyboard; name = Base; path = Base.lproj/LaunchScreen.storyboard; sourceTree = "<group>"; };
		84EE915C23703CD7000C708C /* Info.plist */ = {isa = PBXFileReference; lastKnownFileType = text.plist.xml; path = Info.plist; sourceTree = "<group>"; };
		84EE916623704659000C708C /* ImageCollectionViewCell.swift */ = {isa = PBXFileReference; lastKnownFileType = sourcecode.swift; path = ImageCollectionViewCell.swift; sourceTree = "<group>"; };
		84EE916823704AEF000C708C /* Image+CoreDataClass.swift */ = {isa = PBXFileReference; lastKnownFileType = sourcecode.swift; path = "Image+CoreDataClass.swift"; sourceTree = "<group>"; };
		84EE916923704AEF000C708C /* Image+CoreDataProperties.swift */ = {isa = PBXFileReference; lastKnownFileType = sourcecode.swift; path = "Image+CoreDataProperties.swift"; sourceTree = "<group>"; };
		84EE916D237148CD000C708C /* PersistenceService.swift */ = {isa = PBXFileReference; lastKnownFileType = sourcecode.swift; path = PersistenceService.swift; sourceTree = "<group>"; };
		84EE917223714CB5000C708C /* HomeViewController.swift */ = {isa = PBXFileReference; lastKnownFileType = sourcecode.swift; path = HomeViewController.swift; sourceTree = "<group>"; };
/* End PBXFileReference section */

/* Begin PBXFrameworksBuildPhase section */
		84EE914723703CD4000C708C /* Frameworks */ = {
			isa = PBXFrameworksBuildPhase;
			buildActionMask = 2147483647;
			files = (
			);
			runOnlyForDeploymentPostprocessing = 0;
		};
/* End PBXFrameworksBuildPhase section */

/* Begin PBXGroup section */
		597779A2237D3E2C0024C0F9 /* Login Module */ = {
			isa = PBXGroup;
			children = (
				597779A8237D3E920024C0F9 /* Protocols */,
				597779A3237D3E560024C0F9 /* View */,
				597779A4237D3E680024C0F9 /* Interactor */,
				597779A5237D3E700024C0F9 /* Presenter */,
				597779A7237D3E8A0024C0F9 /* Router */,
				597779A6237D3E7E0024C0F9 /* Entites */,
			);
			path = "Login Module";
			sourceTree = "<group>";
		};
		597779A3237D3E560024C0F9 /* View */ = {
			isa = PBXGroup;
			children = (
				84EE914F23703CD4000C708C /* LoginViewController.swift */,
				597779B5237EABC00024C0F9 /* Login.storyboard */,
			);
			path = View;
			sourceTree = "<group>";
		};
		597779A4237D3E680024C0F9 /* Interactor */ = {
			isa = PBXGroup;
			children = (
				597779B1237D688F0024C0F9 /* LoginInteractor.swift */,
			);
			path = Interactor;
			sourceTree = "<group>";
		};
		597779A5237D3E700024C0F9 /* Presenter */ = {
			isa = PBXGroup;
			children = (
				597779B3237D68BE0024C0F9 /* LoginPresenter.swift */,
			);
			path = Presenter;
			sourceTree = "<group>";
		};
		597779A6237D3E7E0024C0F9 /* Entites */ = {
			isa = PBXGroup;
			children = (
			);
			path = Entites;
			sourceTree = "<group>";
		};
		597779A7237D3E8A0024C0F9 /* Router */ = {
			isa = PBXGroup;
			children = (
				597779AF237D65D90024C0F9 /* LoginRouter.swift */,
			);
			path = Router;
			sourceTree = "<group>";
		};
		597779A8237D3E920024C0F9 /* Protocols */ = {
			isa = PBXGroup;
			children = (
				597779A9237D3EC40024C0F9 /* LoginProtocols.swift */,
			);
			path = Protocols;
			sourceTree = "<group>";
		};
		59D0395D237EDB2D00CF4D3C /* Interacter */ = {
			isa = PBXGroup;
			children = (
				59D03968237EDBF800CF4D3C /* HomeInteractor.swift */,
			);
			path = Interacter;
			sourceTree = "<group>";
		};
		59D0395E237EDB4600CF4D3C /* Presenter */ = {
			isa = PBXGroup;
			children = (
				59D03966237EDBDF00CF4D3C /* HomePresenter.swift */,
			);
			path = Presenter;
			sourceTree = "<group>";
		};
		59D0395F237EDB4C00CF4D3C /* Router */ = {
			isa = PBXGroup;
			children = (
				59D03964237EDBC700CF4D3C /* HomeRouter.swift */,
			);
			path = Router;
			sourceTree = "<group>";
		};
		59D03960237EDB5400CF4D3C /* Entities */ = {
			isa = PBXGroup;
			children = (
			);
			path = Entities;
			sourceTree = "<group>";
		};
		59D03961237EDB5E00CF4D3C /* Protocols */ = {
			isa = PBXGroup;
			children = (
				59D03962237EDB9A00CF4D3C /* HomeProtocols.swift */,
			);
			path = Protocols;
			sourceTree = "<group>";
		};
		84EE914123703CD4000C708C = {
			isa = PBXGroup;
			children = (
				84EE914C23703CD4000C708C /* Task1 */,
				84EE914B23703CD4000C708C /* Products */,
			);
			sourceTree = "<group>";
		};
		84EE914B23703CD4000C708C /* Products */ = {
			isa = PBXGroup;
			children = (
				84EE914A23703CD4000C708C /* Task1.app */,
			);
			name = Products;
			sourceTree = "<group>";
		};
		84EE914C23703CD4000C708C /* Task1 */ = {
			isa = PBXGroup;
			children = (
				597779A2237D3E2C0024C0F9 /* Login Module */,
				84EE917523714D3B000C708C /* Storyboard */,
				84EE917423714D11000C708C /* Global */,
				84EE916C237148C0000C708C /* HomeScreen */,
				84EE915723703CD7000C708C /* Assets.xcassets */,
				84EE915C23703CD7000C708C /* Info.plist */,
			);
			path = Task1;
			sourceTree = "<group>";
		};
		84EE916C237148C0000C708C /* HomeScreen */ = {
			isa = PBXGroup;
			children = (
				84EE917023714905000C708C /* View */,
				59D03961237EDB5E00CF4D3C /* Protocols */,
				59D0395F237EDB4C00CF4D3C /* Router */,
				59D0395E237EDB4600CF4D3C /* Presenter */,
				59D0395D237EDB2D00CF4D3C /* Interacter */,
				59D03960237EDB5400CF4D3C /* Entities */,
				84EE916D237148CD000C708C /* PersistenceService.swift */,
				84EE916823704AEF000C708C /* Image+CoreDataClass.swift */,
				84EE916923704AEF000C708C /* Image+CoreDataProperties.swift */,
				84EE916F237148F3000C708C /* Data Model */,
			);
			path = HomeScreen;
			sourceTree = "<group>";
		};
		84EE916F237148F3000C708C /* Data Model */ = {
			isa = PBXGroup;
			children = (
				84EE915423703CD4000C708C /* Task1.xcdatamodeld */,
			);
			path = "Data Model";
			sourceTree = "<group>";
		};
		84EE917023714905000C708C /* View */ = {
			isa = PBXGroup;
			children = (
				84EE916623704659000C708C /* ImageCollectionViewCell.swift */,
				84EE917223714CB5000C708C /* HomeViewController.swift */,
				591123A2237EAD23009ABF29 /* Home.storyboard */,
			);
			path = View;
			sourceTree = "<group>";
		};
		84EE917423714D11000C708C /* Global */ = {
			isa = PBXGroup;
			children = (
				84EE914D23703CD4000C708C /* AppDelegate.swift */,
			);
			path = Global;
			sourceTree = "<group>";
		};
		84EE917523714D3B000C708C /* Storyboard */ = {
			isa = PBXGroup;
			children = (
				84EE915923703CD7000C708C /* LaunchScreen.storyboard */,
			);
			path = Storyboard;
			sourceTree = "<group>";
		};
/* End PBXGroup section */

/* Begin PBXNativeTarget section */
		84EE914923703CD4000C708C /* Task1 */ = {
			isa = PBXNativeTarget;
			buildConfigurationList = 84EE915F23703CD7000C708C /* Build configuration list for PBXNativeTarget "Task1" */;
			buildPhases = (
				84EE914623703CD4000C708C /* Sources */,
				84EE914723703CD4000C708C /* Frameworks */,
				84EE914823703CD4000C708C /* Resources */,
			);
			buildRules = (
			);
			dependencies = (
			);
			name = Task1;
			productName = Task1;
			productReference = 84EE914A23703CD4000C708C /* Task1.app */;
			productType = "com.apple.product-type.application";
		};
/* End PBXNativeTarget section */

/* Begin PBXProject section */
		84EE914223703CD4000C708C /* Project object */ = {
			isa = PBXProject;
			attributes = {
				LastSwiftUpdateCheck = 1030;
				LastUpgradeCheck = 1030;
				ORGANIZATIONNAME = vina;
				TargetAttributes = {
					84EE914923703CD4000C708C = {
						CreatedOnToolsVersion = 10.3;
					};
				};
			};
			buildConfigurationList = 84EE914523703CD4000C708C /* Build configuration list for PBXProject "Task1" */;
			compatibilityVersion = "Xcode 9.3";
			developmentRegion = en;
			hasScannedForEncodings = 0;
			knownRegions = (
				en,
				Base,
			);
			mainGroup = 84EE914123703CD4000C708C;
			productRefGroup = 84EE914B23703CD4000C708C /* Products */;
			projectDirPath = "";
			projectRoot = "";
			targets = (
				84EE914923703CD4000C708C /* Task1 */,
			);
		};
/* End PBXProject section */

/* Begin PBXResourcesBuildPhase section */
		84EE914823703CD4000C708C /* Resources */ = {
			isa = PBXResourcesBuildPhase;
			buildActionMask = 2147483647;
			files = (
				597779B6237EABC00024C0F9 /* Login.storyboard in Resources */,
				84EE915B23703CD7000C708C /* LaunchScreen.storyboard in Resources */,
				84EE915823703CD7000C708C /* Assets.xcassets in Resources */,
				591123A3237EAD23009ABF29 /* Home.storyboard in Resources */,
			);
			runOnlyForDeploymentPostprocessing = 0;
		};
/* End PBXResourcesBuildPhase section */

/* Begin PBXSourcesBuildPhase section */
		84EE914623703CD4000C708C /* Sources */ = {
			isa = PBXSourcesBuildPhase;
			buildActionMask = 2147483647;
			files = (
				597779B4237D68BE0024C0F9 /* LoginPresenter.swift in Sources */,
				84EE917323714CD7000C708C /* HomeViewController.swift in Sources */,
				597779B2237D688F0024C0F9 /* LoginInteractor.swift in Sources */,
				84EE916723704659000C708C /* ImageCollectionViewCell.swift in Sources */,
				84EE916A23704AEF000C708C /* Image+CoreDataClass.swift in Sources */,
				597779AA237D3EC40024C0F9 /* LoginProtocols.swift in Sources */,
				59D03963237EDB9A00CF4D3C /* HomeProtocols.swift in Sources */,
				84EE915023703CD4000C708C /* LoginViewController.swift in Sources */,
				84EE915623703CD4000C708C /* Task1.xcdatamodeld in Sources */,
				59D03969237EDBF800CF4D3C /* HomeInteractor.swift in Sources */,
				84EE914E23703CD4000C708C /* AppDelegate.swift in Sources */,
				84EE916E237148DA000C708C /* PersistenceService.swift in Sources */,
				597779B0237D65D90024C0F9 /* LoginRouter.swift in Sources */,
				84EE916B23704AEF000C708C /* Image+CoreDataProperties.swift in Sources */,
				59D03967237EDBDF00CF4D3C /* HomePresenter.swift in Sources */,
				59D03965237EDBC700CF4D3C /* HomeRouter.swift in Sources */,
			);
			runOnlyForDeploymentPostprocessing = 0;
		};
/* End PBXSourcesBuildPhase section */

/* Begin PBXVariantGroup section */
		84EE915923703CD7000C708C /* LaunchScreen.storyboard */ = {
			isa = PBXVariantGroup;
			children = (
				84EE915A23703CD7000C708C /* Base */,
			);
			name = LaunchScreen.storyboard;
			sourceTree = "<group>";
		};
/* End PBXVariantGroup section */

/* Begin XCBuildConfiguration section */
		84EE915D23703CD7000C708C /* Debug */ = {
			isa = XCBuildConfiguration;
			buildSettings = {
				ALWAYS_SEARCH_USER_PATHS = NO;
				CLANG_ANALYZER_NONNULL = YES;
				CLANG_ANALYZER_NUMBER_OBJECT_CONVERSION = YES_AGGRESSIVE;
				CLANG_CXX_LANGUAGE_STANDARD = "gnu++14";
				CLANG_CXX_LIBRARY = "libc++";
				CLANG_ENABLE_MODULES = YES;
				CLANG_ENABLE_OBJC_ARC = YES;
				CLANG_ENABLE_OBJC_WEAK = YES;
				CLANG_WARN_BLOCK_CAPTURE_AUTORELEASING = YES;
				CLANG_WARN_BOOL_CONVERSION = YES;
				CLANG_WARN_COMMA = YES;
				CLANG_WARN_CONSTANT_CONVERSION = YES;
				CLANG_WARN_DEPRECATED_OBJC_IMPLEMENTATIONS = YES;
				CLANG_WARN_DIRECT_OBJC_ISA_USAGE = YES_ERROR;
				CLANG_WARN_DOCUMENTATION_COMMENTS = YES;
				CLANG_WARN_EMPTY_BODY = YES;
				CLANG_WARN_ENUM_CONVERSION = YES;
				CLANG_WARN_INFINITE_RECURSION = YES;
				CLANG_WARN_INT_CONVERSION = YES;
				CLANG_WARN_NON_LITERAL_NULL_CONVERSION = YES;
				CLANG_WARN_OBJC_IMPLICIT_RETAIN_SELF = YES;
				CLANG_WARN_OBJC_LITERAL_CONVERSION = YES;
				CLANG_WARN_OBJC_ROOT_CLASS = YES_ERROR;
				CLANG_WARN_RANGE_LOOP_ANALYSIS = YES;
				CLANG_WARN_STRICT_PROTOTYPES = YES;
				CLANG_WARN_SUSPICIOUS_MOVE = YES;
				CLANG_WARN_UNGUARDED_AVAILABILITY = YES_AGGRESSIVE;
				CLANG_WARN_UNREACHABLE_CODE = YES;
				CLANG_WARN__DUPLICATE_METHOD_MATCH = YES;
				CODE_SIGN_IDENTITY = "iPhone Developer";
				COPY_PHASE_STRIP = NO;
				DEBUG_INFORMATION_FORMAT = dwarf;
				ENABLE_STRICT_OBJC_MSGSEND = YES;
				ENABLE_TESTABILITY = YES;
				GCC_C_LANGUAGE_STANDARD = gnu11;
				GCC_DYNAMIC_NO_PIC = NO;
				GCC_NO_COMMON_BLOCKS = YES;
				GCC_OPTIMIZATION_LEVEL = 0;
				GCC_PREPROCESSOR_DEFINITIONS = (
					"DEBUG=1",
					"$(inherited)",
				);
				GCC_WARN_64_TO_32_BIT_CONVERSION = YES;
				GCC_WARN_ABOUT_RETURN_TYPE = YES_ERROR;
				GCC_WARN_UNDECLARED_SELECTOR = YES;
				GCC_WARN_UNINITIALIZED_AUTOS = YES_AGGRESSIVE;
				GCC_WARN_UNUSED_FUNCTION = YES;
				GCC_WARN_UNUSED_VARIABLE = YES;
				IPHONEOS_DEPLOYMENT_TARGET = 12.4;
				MTL_ENABLE_DEBUG_INFO = INCLUDE_SOURCE;
				MTL_FAST_MATH = YES;
				ONLY_ACTIVE_ARCH = YES;
				SDKROOT = iphoneos;
				SWIFT_ACTIVE_COMPILATION_CONDITIONS = DEBUG;
				SWIFT_OPTIMIZATION_LEVEL = "-Onone";
			};
			name = Debug;
		};
		84EE915E23703CD7000C708C /* Release */ = {
			isa = XCBuildConfiguration;
			buildSettings = {
				ALWAYS_SEARCH_USER_PATHS = NO;
				CLANG_ANALYZER_NONNULL = YES;
				CLANG_ANALYZER_NUMBER_OBJECT_CONVERSION = YES_AGGRESSIVE;
				CLANG_CXX_LANGUAGE_STANDARD = "gnu++14";
				CLANG_CXX_LIBRARY = "libc++";
				CLANG_ENABLE_MODULES = YES;
				CLANG_ENABLE_OBJC_ARC = YES;
				CLANG_ENABLE_OBJC_WEAK = YES;
				CLANG_WARN_BLOCK_CAPTURE_AUTORELEASING = YES;
				CLANG_WARN_BOOL_CONVERSION = YES;
				CLANG_WARN_COMMA = YES;
				CLANG_WARN_CONSTANT_CONVERSION = YES;
				CLANG_WARN_DEPRECATED_OBJC_IMPLEMENTATIONS = YES;
				CLANG_WARN_DIRECT_OBJC_ISA_USAGE = YES_ERROR;
				CLANG_WARN_DOCUMENTATION_COMMENTS = YES;
				CLANG_WARN_EMPTY_BODY = YES;
				CLANG_WARN_ENUM_CONVERSION = YES;
				CLANG_WARN_INFINITE_RECURSION = YES;
				CLANG_WARN_INT_CONVERSION = YES;
				CLANG_WARN_NON_LITERAL_NULL_CONVERSION = YES;
				CLANG_WARN_OBJC_IMPLICIT_RETAIN_SELF = YES;
				CLANG_WARN_OBJC_LITERAL_CONVERSION = YES;
				CLANG_WARN_OBJC_ROOT_CLASS = YES_ERROR;
				CLANG_WARN_RANGE_LOOP_ANALYSIS = YES;
				CLANG_WARN_STRICT_PROTOTYPES = YES;
				CLANG_WARN_SUSPICIOUS_MOVE = YES;
				CLANG_WARN_UNGUARDED_AVAILABILITY = YES_AGGRESSIVE;
				CLANG_WARN_UNREACHABLE_CODE = YES;
				CLANG_WARN__DUPLICATE_METHOD_MATCH = YES;
				CODE_SIGN_IDENTITY = "iPhone Developer";
				COPY_PHASE_STRIP = NO;
				DEBUG_INFORMATION_FORMAT = "dwarf-with-dsym";
				ENABLE_NS_ASSERTIONS = NO;
				ENABLE_STRICT_OBJC_MSGSEND = YES;
				GCC_C_LANGUAGE_STANDARD = gnu11;
				GCC_NO_COMMON_BLOCKS = YES;
				GCC_WARN_64_TO_32_BIT_CONVERSION = YES;
				GCC_WARN_ABOUT_RETURN_TYPE = YES_ERROR;
				GCC_WARN_UNDECLARED_SELECTOR = YES;
				GCC_WARN_UNINITIALIZED_AUTOS = YES_AGGRESSIVE;
				GCC_WARN_UNUSED_FUNCTION = YES;
				GCC_WARN_UNUSED_VARIABLE = YES;
				IPHONEOS_DEPLOYMENT_TARGET = 12.4;
				MTL_ENABLE_DEBUG_INFO = NO;
				MTL_FAST_MATH = YES;
				SDKROOT = iphoneos;
				SWIFT_COMPILATION_MODE = wholemodule;
				SWIFT_OPTIMIZATION_LEVEL = "-O";
				VALIDATE_PRODUCT = YES;
			};
			name = Release;
		};
		84EE916023703CD7000C708C /* Debug */ = {
			isa = XCBuildConfiguration;
			buildSettings = {
				ASSETCATALOG_COMPILER_APPICON_NAME = AppIcon;
				CODE_SIGN_STYLE = Automatic;
				DEVELOPMENT_TEAM = HXH25MN3KV;
				INFOPLIST_FILE = Task1/Info.plist;
				LD_RUNPATH_SEARCH_PATHS = (
					"$(inherited)",
					"@executable_path/Frameworks",
				);
				PRODUCT_BUNDLE_IDENTIFIER = com.vina.Task1;
				PRODUCT_NAME = "$(TARGET_NAME)";
				SWIFT_VERSION = 5.0;
				TARGETED_DEVICE_FAMILY = "1,2";
			};
			name = Debug;
		};
		84EE916123703CD7000C708C /* Release */ = {
			isa = XCBuildConfiguration;
			buildSettings = {
				ASSETCATALOG_COMPILER_APPICON_NAME = AppIcon;
				CODE_SIGN_STYLE = Automatic;
				DEVELOPMENT_TEAM = HXH25MN3KV;
				INFOPLIST_FILE = Task1/Info.plist;
				LD_RUNPATH_SEARCH_PATHS = (
					"$(inherited)",
					"@executable_path/Frameworks",
				);
				PRODUCT_BUNDLE_IDENTIFIER = com.vina.Task1;
				PRODUCT_NAME = "$(TARGET_NAME)";
				SWIFT_VERSION = 5.0;
				TARGETED_DEVICE_FAMILY = "1,2";
			};
			name = Release;
		};
/* End XCBuildConfiguration section */

/* Begin XCConfigurationList section */
		84EE914523703CD4000C708C /* Build configuration list for PBXProject "Task1" */ = {
			isa = XCConfigurationList;
			buildConfigurations = (
				84EE915D23703CD7000C708C /* Debug */,
				84EE915E23703CD7000C708C /* Release */,
			);
			defaultConfigurationIsVisible = 0;
			defaultConfigurationName = Release;
		};
		84EE915F23703CD7000C708C /* Build configuration list for PBXNativeTarget "Task1" */ = {
			isa = XCConfigurationList;
			buildConfigurations = (
				84EE916023703CD7000C708C /* Debug */,
				84EE916123703CD7000C708C /* Release */,
			);
			defaultConfigurationIsVisible = 0;
			defaultConfigurationName = Release;
		};
/* End XCConfigurationList section */

/* Begin XCVersionGroup section */
		84EE915423703CD4000C708C /* Task1.xcdatamodeld */ = {
			isa = XCVersionGroup;
			children = (
				84EE915523703CD4000C708C /* Task1.xcdatamodel */,
			);
			currentVersion = 84EE915523703CD4000C708C /* Task1.xcdatamodel */;
			path = Task1.xcdatamodeld;
			sourceTree = "<group>";
			versionGroupType = wrapper.xcdatamodel;
		};
/* End XCVersionGroup section */
	};
	rootObject = 84EE914223703CD4000C708C /* Project object */;
}
